// !$*UTF8*$!
{
	archiveVersion = 1;
	classes = {
	};
	objectVersion = 51;
	objects = {

/* Begin PBXBuildFile section */
		0FF97C5D5269F811D6992694 /* Pods_Food_RecipiesUITests.framework in Frameworks */ = {isa = PBXBuildFile; fileRef = 535C4D7D79E640AE556E4961 /* Pods_Food_RecipiesUITests.framework */; };
		74F01BB04E9BF3816B8AA4C9 /* Pods_Food_RecipiesTests.framework in Frameworks */ = {isa = PBXBuildFile; fileRef = EDEB4E5221E4C1AD01EF957D /* Pods_Food_RecipiesTests.framework */; };
		842BF26723292FAF004F212A /* RecipePreviewTableViewCell.swift in Sources */ = {isa = PBXBuildFile; fileRef = 842BF26623292FAF004F212A /* RecipePreviewTableViewCell.swift */; };
		842BF26923293002004F212A /* RecipePreviewTableViewCell.xib in Resources */ = {isa = PBXBuildFile; fileRef = 842BF26823293002004F212A /* RecipePreviewTableViewCell.xib */; };
		842BF26C23293186004F212A /* ApiService.swift in Sources */ = {isa = PBXBuildFile; fileRef = 842BF26B23293186004F212A /* ApiService.swift */; };
		842BF26E23293212004F212A /* EdmamSearchApi.swift in Sources */ = {isa = PBXBuildFile; fileRef = 842BF26D23293212004F212A /* EdmamSearchApi.swift */; };
		842BF27023293CE4004F212A /* Provider.swift in Sources */ = {isa = PBXBuildFile; fileRef = 842BF26F23293CE4004F212A /* Provider.swift */; };
		842BF273232956F2004F212A /* DetailsViewController.swift in Sources */ = {isa = PBXBuildFile; fileRef = 842BF271232956F2004F212A /* DetailsViewController.swift */; };
		842BF274232956F2004F212A /* DetailsViewController.xib in Resources */ = {isa = PBXBuildFile; fileRef = 842BF272232956F2004F212A /* DetailsViewController.xib */; };
		842BF27623295AAC004F212A /* Main.storyboard in Resources */ = {isa = PBXBuildFile; fileRef = 842BF27523295AAC004F212A /* Main.storyboard */; };
		842BF27D23295DD8004F212A /* HeadingTableViewCell.swift in Sources */ = {isa = PBXBuildFile; fileRef = 842BF27B23295DD8004F212A /* HeadingTableViewCell.swift */; };
		842BF27E23295DD8004F212A /* HeadingTableViewCell.xib in Resources */ = {isa = PBXBuildFile; fileRef = 842BF27C23295DD8004F212A /* HeadingTableViewCell.xib */; };
		842BF28123295E21004F212A /* IngredientTableViewCell.swift in Sources */ = {isa = PBXBuildFile; fileRef = 842BF27F23295E21004F212A /* IngredientTableViewCell.swift */; };
		842BF28223295E21004F212A /* IngredientTableViewCell.xib in Resources */ = {isa = PBXBuildFile; fileRef = 842BF28023295E21004F212A /* IngredientTableViewCell.xib */; };
		845672D8231B1D6400A790E5 /* HomeViewController.swift in Sources */ = {isa = PBXBuildFile; fileRef = 845672D6231B1D6400A790E5 /* HomeViewController.swift */; };
		845672D9231B1D6400A790E5 /* HomeViewController.xib in Resources */ = {isa = PBXBuildFile; fileRef = 845672D7231B1D6400A790E5 /* HomeViewController.xib */; };
		845672DD231B1DB200A790E5 /* Navigator.swift in Sources */ = {isa = PBXBuildFile; fileRef = 845672DC231B1DB200A790E5 /* Navigator.swift */; };
		84ECAFC5231873B90070DEA3 /* AppDelegate.swift in Sources */ = {isa = PBXBuildFile; fileRef = 84ECAFC4231873B90070DEA3 /* AppDelegate.swift */; };
		84ECAFCC231873BC0070DEA3 /* Assets.xcassets in Resources */ = {isa = PBXBuildFile; fileRef = 84ECAFCB231873BC0070DEA3 /* Assets.xcassets */; };
		84ECAFCF231873BC0070DEA3 /* LaunchScreen.storyboard in Resources */ = {isa = PBXBuildFile; fileRef = 84ECAFCD231873BC0070DEA3 /* LaunchScreen.storyboard */; };
		84ECAFDA231873BC0070DEA3 /* Food_RecipiesTests.swift in Sources */ = {isa = PBXBuildFile; fileRef = 84ECAFD9231873BC0070DEA3 /* Food_RecipiesTests.swift */; };
		84ECAFE5231873BC0070DEA3 /* Food_RecipiesUITests.swift in Sources */ = {isa = PBXBuildFile; fileRef = 84ECAFE4231873BC0070DEA3 /* Food_RecipiesUITests.swift */; };
		B16845B2A2FC3ADF215CD9E2 /* Pods_Food_Recipies.framework in Frameworks */ = {isa = PBXBuildFile; fileRef = 2DFA1AF61C6F52A1F8B0F5A1 /* Pods_Food_Recipies.framework */; };
/* End PBXBuildFile section */

/* Begin PBXContainerItemProxy section */
		84ECAFD6231873BC0070DEA3 /* PBXContainerItemProxy */ = {
			isa = PBXContainerItemProxy;
			containerPortal = 84ECAFB9231873B90070DEA3 /* Project object */;
			proxyType = 1;
			remoteGlobalIDString = 84ECAFC0231873B90070DEA3;
			remoteInfo = "Food Recipies";
		};
		84ECAFE1231873BC0070DEA3 /* PBXContainerItemProxy */ = {
			isa = PBXContainerItemProxy;
			containerPortal = 84ECAFB9231873B90070DEA3 /* Project object */;
			proxyType = 1;
			remoteGlobalIDString = 84ECAFC0231873B90070DEA3;
			remoteInfo = "Food Recipies";
		};
/* End PBXContainerItemProxy section */

/* Begin PBXFileReference section */
		2DFA1AF61C6F52A1F8B0F5A1 /* Pods_Food_Recipies.framework */ = {isa = PBXFileReference; explicitFileType = wrapper.framework; includeInIndex = 0; path = Pods_Food_Recipies.framework; sourceTree = BUILT_PRODUCTS_DIR; };
		535C4D7D79E640AE556E4961 /* Pods_Food_RecipiesUITests.framework */ = {isa = PBXFileReference; explicitFileType = wrapper.framework; includeInIndex = 0; path = Pods_Food_RecipiesUITests.framework; sourceTree = BUILT_PRODUCTS_DIR; };
		780725DC31D7AD8E91ED998E /* Pods-Food Recipies.debug.xcconfig */ = {isa = PBXFileReference; includeInIndex = 1; lastKnownFileType = text.xcconfig; name = "Pods-Food Recipies.debug.xcconfig"; path = "Target Support Files/Pods-Food Recipies/Pods-Food Recipies.debug.xcconfig"; sourceTree = "<group>"; };
		842BF26623292FAF004F212A /* RecipePreviewTableViewCell.swift */ = {isa = PBXFileReference; fileEncoding = 4; lastKnownFileType = sourcecode.swift; path = RecipePreviewTableViewCell.swift; sourceTree = "<group>"; };
		842BF26823293002004F212A /* RecipePreviewTableViewCell.xib */ = {isa = PBXFileReference; lastKnownFileType = file.xib; path = RecipePreviewTableViewCell.xib; sourceTree = "<group>"; };
		842BF26B23293186004F212A /* ApiService.swift */ = {isa = PBXFileReference; lastKnownFileType = sourcecode.swift; path = ApiService.swift; sourceTree = "<group>"; };
		842BF26D23293212004F212A /* EdmamSearchApi.swift */ = {isa = PBXFileReference; lastKnownFileType = sourcecode.swift; path = EdmamSearchApi.swift; sourceTree = "<group>"; };
		842BF26F23293CE4004F212A /* Provider.swift */ = {isa = PBXFileReference; lastKnownFileType = sourcecode.swift; path = Provider.swift; sourceTree = "<group>"; };
		842BF271232956F2004F212A /* DetailsViewController.swift */ = {isa = PBXFileReference; lastKnownFileType = sourcecode.swift; path = DetailsViewController.swift; sourceTree = "<group>"; };
		842BF272232956F2004F212A /* DetailsViewController.xib */ = {isa = PBXFileReference; lastKnownFileType = file.xib; path = DetailsViewController.xib; sourceTree = "<group>"; };
		842BF27523295AAC004F212A /* Main.storyboard */ = {isa = PBXFileReference; lastKnownFileType = file.storyboard; path = Main.storyboard; sourceTree = "<group>"; };
		842BF27B23295DD8004F212A /* HeadingTableViewCell.swift */ = {isa = PBXFileReference; lastKnownFileType = sourcecode.swift; path = HeadingTableViewCell.swift; sourceTree = "<group>"; };
		842BF27C23295DD8004F212A /* HeadingTableViewCell.xib */ = {isa = PBXFileReference; lastKnownFileType = file.xib; path = HeadingTableViewCell.xib; sourceTree = "<group>"; };
		842BF27F23295E21004F212A /* IngredientTableViewCell.swift */ = {isa = PBXFileReference; lastKnownFileType = sourcecode.swift; path = IngredientTableViewCell.swift; sourceTree = "<group>"; };
		842BF28023295E21004F212A /* IngredientTableViewCell.xib */ = {isa = PBXFileReference; lastKnownFileType = file.xib; path = IngredientTableViewCell.xib; sourceTree = "<group>"; };
		845672D6231B1D6400A790E5 /* HomeViewController.swift */ = {isa = PBXFileReference; lastKnownFileType = sourcecode.swift; path = HomeViewController.swift; sourceTree = "<group>"; };
		845672D7231B1D6400A790E5 /* HomeViewController.xib */ = {isa = PBXFileReference; lastKnownFileType = file.xib; path = HomeViewController.xib; sourceTree = "<group>"; };
		845672DC231B1DB200A790E5 /* Navigator.swift */ = {isa = PBXFileReference; lastKnownFileType = sourcecode.swift; path = Navigator.swift; sourceTree = "<group>"; };
		84ECAFC1231873B90070DEA3 /* Food Recipies.app */ = {isa = PBXFileReference; explicitFileType = wrapper.application; includeInIndex = 0; path = "Food Recipies.app"; sourceTree = BUILT_PRODUCTS_DIR; };
		84ECAFC4231873B90070DEA3 /* AppDelegate.swift */ = {isa = PBXFileReference; lastKnownFileType = sourcecode.swift; path = AppDelegate.swift; sourceTree = "<group>"; };
		84ECAFCB231873BC0070DEA3 /* Assets.xcassets */ = {isa = PBXFileReference; lastKnownFileType = folder.assetcatalog; path = Assets.xcassets; sourceTree = "<group>"; };
		84ECAFCE231873BC0070DEA3 /* Base */ = {isa = PBXFileReference; lastKnownFileType = file.storyboard; name = Base; path = Base.lproj/LaunchScreen.storyboard; sourceTree = "<group>"; };
		84ECAFD0231873BC0070DEA3 /* Info.plist */ = {isa = PBXFileReference; lastKnownFileType = text.plist.xml; path = Info.plist; sourceTree = "<group>"; };
		84ECAFD5231873BC0070DEA3 /* Food RecipiesTests.xctest */ = {isa = PBXFileReference; explicitFileType = wrapper.cfbundle; includeInIndex = 0; path = "Food RecipiesTests.xctest"; sourceTree = BUILT_PRODUCTS_DIR; };
		84ECAFD9231873BC0070DEA3 /* Food_RecipiesTests.swift */ = {isa = PBXFileReference; lastKnownFileType = sourcecode.swift; path = Food_RecipiesTests.swift; sourceTree = "<group>"; };
		84ECAFDB231873BC0070DEA3 /* Info.plist */ = {isa = PBXFileReference; lastKnownFileType = text.plist.xml; path = Info.plist; sourceTree = "<group>"; };
		84ECAFE0231873BC0070DEA3 /* Food RecipiesUITests.xctest */ = {isa = PBXFileReference; explicitFileType = wrapper.cfbundle; includeInIndex = 0; path = "Food RecipiesUITests.xctest"; sourceTree = BUILT_PRODUCTS_DIR; };
		84ECAFE4231873BC0070DEA3 /* Food_RecipiesUITests.swift */ = {isa = PBXFileReference; lastKnownFileType = sourcecode.swift; path = Food_RecipiesUITests.swift; sourceTree = "<group>"; };
		84ECAFE6231873BC0070DEA3 /* Info.plist */ = {isa = PBXFileReference; lastKnownFileType = text.plist.xml; path = Info.plist; sourceTree = "<group>"; };
		9676AC95F1951E62EEAE7D30 /* Pods-Food RecipiesUITests.debug.xcconfig */ = {isa = PBXFileReference; includeInIndex = 1; lastKnownFileType = text.xcconfig; name = "Pods-Food RecipiesUITests.debug.xcconfig"; path = "Target Support Files/Pods-Food RecipiesUITests/Pods-Food RecipiesUITests.debug.xcconfig"; sourceTree = "<group>"; };
		B937402F0DA7187A11FDB7AB /* Pods-Food Recipies.release.xcconfig */ = {isa = PBXFileReference; includeInIndex = 1; lastKnownFileType = text.xcconfig; name = "Pods-Food Recipies.release.xcconfig"; path = "Target Support Files/Pods-Food Recipies/Pods-Food Recipies.release.xcconfig"; sourceTree = "<group>"; };
		C199417563A1A887C0F1EC80 /* Pods-Food RecipiesTests.release.xcconfig */ = {isa = PBXFileReference; includeInIndex = 1; lastKnownFileType = text.xcconfig; name = "Pods-Food RecipiesTests.release.xcconfig"; path = "Target Support Files/Pods-Food RecipiesTests/Pods-Food RecipiesTests.release.xcconfig"; sourceTree = "<group>"; };
		C3A0CAF186A4886267BDDBA2 /* Pods-Food RecipiesUITests.release.xcconfig */ = {isa = PBXFileReference; includeInIndex = 1; lastKnownFileType = text.xcconfig; name = "Pods-Food RecipiesUITests.release.xcconfig"; path = "Target Support Files/Pods-Food RecipiesUITests/Pods-Food RecipiesUITests.release.xcconfig"; sourceTree = "<group>"; };
		DA37523E690F404E59CEF120 /* Pods-Food RecipiesTests.debug.xcconfig */ = {isa = PBXFileReference; includeInIndex = 1; lastKnownFileType = text.xcconfig; name = "Pods-Food RecipiesTests.debug.xcconfig"; path = "Target Support Files/Pods-Food RecipiesTests/Pods-Food RecipiesTests.debug.xcconfig"; sourceTree = "<group>"; };
		EDEB4E5221E4C1AD01EF957D /* Pods_Food_RecipiesTests.framework */ = {isa = PBXFileReference; explicitFileType = wrapper.framework; includeInIndex = 0; path = Pods_Food_RecipiesTests.framework; sourceTree = BUILT_PRODUCTS_DIR; };
/* End PBXFileReference section */

/* Begin PBXFrameworksBuildPhase section */
		84ECAFBE231873B90070DEA3 /* Frameworks */ = {
			isa = PBXFrameworksBuildPhase;
			buildActionMask = 2147483647;
			files = (
				B16845B2A2FC3ADF215CD9E2 /* Pods_Food_Recipies.framework in Frameworks */,
			);
			runOnlyForDeploymentPostprocessing = 0;
		};
		84ECAFD2231873BC0070DEA3 /* Frameworks */ = {
			isa = PBXFrameworksBuildPhase;
			buildActionMask = 2147483647;
			files = (
				74F01BB04E9BF3816B8AA4C9 /* Pods_Food_RecipiesTests.framework in Frameworks */,
			);
			runOnlyForDeploymentPostprocessing = 0;
		};
		84ECAFDD231873BC0070DEA3 /* Frameworks */ = {
			isa = PBXFrameworksBuildPhase;
			buildActionMask = 2147483647;
			files = (
				0FF97C5D5269F811D6992694 /* Pods_Food_RecipiesUITests.framework in Frameworks */,
			);
			runOnlyForDeploymentPostprocessing = 0;
		};
/* End PBXFrameworksBuildPhase section */

/* Begin PBXGroup section */
		1DB45F97E73300D3EF4D268C /* Frameworks */ = {
			isa = PBXGroup;
			children = (
				2DFA1AF61C6F52A1F8B0F5A1 /* Pods_Food_Recipies.framework */,
				EDEB4E5221E4C1AD01EF957D /* Pods_Food_RecipiesTests.framework */,
				535C4D7D79E640AE556E4961 /* Pods_Food_RecipiesUITests.framework */,
			);
			name = Frameworks;
			sourceTree = "<group>";
		};
		842BF26523292F4C004F212A /* views */ = {
			isa = PBXGroup;
			children = (
				842BF26623292FAF004F212A /* RecipePreviewTableViewCell.swift */,
				842BF26823293002004F212A /* RecipePreviewTableViewCell.xib */,
				842BF27B23295DD8004F212A /* HeadingTableViewCell.swift */,
				842BF27C23295DD8004F212A /* HeadingTableViewCell.xib */,
				842BF27F23295E21004F212A /* IngredientTableViewCell.swift */,
				842BF28023295E21004F212A /* IngredientTableViewCell.xib */,
			);
			path = views;
			sourceTree = "<group>";
		};
		842BF26A23293165004F212A /* API */ = {
			isa = PBXGroup;
			children = (
				842BF26B23293186004F212A /* ApiService.swift */,
				842BF26D23293212004F212A /* EdmamSearchApi.swift */,
				842BF26F23293CE4004F212A /* Provider.swift */,
			);
			path = API;
			sourceTree = "<group>";
		};
		845672DA231B1D6E00A790E5 /* controllers */ = {
			isa = PBXGroup;
			children = (
				845672D6231B1D6400A790E5 /* HomeViewController.swift */,
				845672D7231B1D6400A790E5 /* HomeViewController.xib */,
				842BF271232956F2004F212A /* DetailsViewController.swift */,
				842BF272232956F2004F212A /* DetailsViewController.xib */,
			);
			path = controllers;
			sourceTree = "<group>";
		};
		845672DB231B1D9900A790E5 /* Navigation */ = {
			isa = PBXGroup;
			children = (
				845672DC231B1DB200A790E5 /* Navigator.swift */,
			);
			path = Navigation;
			sourceTree = "<group>";
		};
		84ECAFB8231873B90070DEA3 = {
			isa = PBXGroup;
			children = (
				84ECAFC3231873B90070DEA3 /* Food Recipies */,
				84ECAFD8231873BC0070DEA3 /* Food RecipiesTests */,
				84ECAFE3231873BC0070DEA3 /* Food RecipiesUITests */,
				84ECAFC2231873B90070DEA3 /* Products */,
				DF27A9278FFD2308F08F23E3 /* Pods */,
				1DB45F97E73300D3EF4D268C /* Frameworks */,
			);
			sourceTree = "<group>";
		};
		84ECAFC2231873B90070DEA3 /* Products */ = {
			isa = PBXGroup;
			children = (
				84ECAFC1231873B90070DEA3 /* Food Recipies.app */,
				84ECAFD5231873BC0070DEA3 /* Food RecipiesTests.xctest */,
				84ECAFE0231873BC0070DEA3 /* Food RecipiesUITests.xctest */,
			);
			name = Products;
			sourceTree = "<group>";
		};
		84ECAFC3231873B90070DEA3 /* Food Recipies */ = {
			isa = PBXGroup;
			children = (
				842BF26A23293165004F212A /* API */,
				842BF26523292F4C004F212A /* views */,
				845672DB231B1D9900A790E5 /* Navigation */,
				845672DA231B1D6E00A790E5 /* controllers */,
				84ECAFC4231873B90070DEA3 /* AppDelegate.swift */,
				84ECAFCB231873BC0070DEA3 /* Assets.xcassets */,
				84ECAFCD231873BC0070DEA3 /* LaunchScreen.storyboard */,
				84ECAFD0231873BC0070DEA3 /* Info.plist */,
				842BF27523295AAC004F212A /* Main.storyboard */,
			);
			path = "Food Recipies";
			sourceTree = "<group>";
		};
		84ECAFD8231873BC0070DEA3 /* Food RecipiesTests */ = {
			isa = PBXGroup;
			children = (
				84ECAFD9231873BC0070DEA3 /* Food_RecipiesTests.swift */,
				84ECAFDB231873BC0070DEA3 /* Info.plist */,
			);
			path = "Food RecipiesTests";
			sourceTree = "<group>";
		};
		84ECAFE3231873BC0070DEA3 /* Food RecipiesUITests */ = {
			isa = PBXGroup;
			children = (
				84ECAFE4231873BC0070DEA3 /* Food_RecipiesUITests.swift */,
				84ECAFE6231873BC0070DEA3 /* Info.plist */,
			);
			path = "Food RecipiesUITests";
			sourceTree = "<group>";
		};
		DF27A9278FFD2308F08F23E3 /* Pods */ = {
			isa = PBXGroup;
			children = (
				780725DC31D7AD8E91ED998E /* Pods-Food Recipies.debug.xcconfig */,
				B937402F0DA7187A11FDB7AB /* Pods-Food Recipies.release.xcconfig */,
				DA37523E690F404E59CEF120 /* Pods-Food RecipiesTests.debug.xcconfig */,
				C199417563A1A887C0F1EC80 /* Pods-Food RecipiesTests.release.xcconfig */,
				9676AC95F1951E62EEAE7D30 /* Pods-Food RecipiesUITests.debug.xcconfig */,
				C3A0CAF186A4886267BDDBA2 /* Pods-Food RecipiesUITests.release.xcconfig */,
			);
			path = Pods;
			sourceTree = "<group>";
		};
/* End PBXGroup section */

/* Begin PBXNativeTarget section */
		84ECAFC0231873B90070DEA3 /* Food Recipies */ = {
			isa = PBXNativeTarget;
			buildConfigurationList = 84ECAFE9231873BC0070DEA3 /* Build configuration list for PBXNativeTarget "Food Recipies" */;
			buildPhases = (
				D82B611C6F6482D61C355C5D /* [CP] Check Pods Manifest.lock */,
				84ECAFBD231873B90070DEA3 /* Sources */,
				84ECAFBE231873B90070DEA3 /* Frameworks */,
				84ECAFBF231873B90070DEA3 /* Resources */,
				845672D4231AA8C900A790E5 /* swiftlint */,
				64FF0512DFEE01AC5748403E /* [CP] Embed Pods Frameworks */,
			);
			buildRules = (
			);
			dependencies = (
			);
			name = "Food Recipies";
			productName = "Food Recipies";
			productReference = 84ECAFC1231873B90070DEA3 /* Food Recipies.app */;
			productType = "com.apple.product-type.application";
		};
		84ECAFD4231873BC0070DEA3 /* Food RecipiesTests */ = {
			isa = PBXNativeTarget;
			buildConfigurationList = 84ECAFEC231873BC0070DEA3 /* Build configuration list for PBXNativeTarget "Food RecipiesTests" */;
			buildPhases = (
				EAAFAC5330B87B773B1B9097 /* [CP] Check Pods Manifest.lock */,
				84ECAFD1231873BC0070DEA3 /* Sources */,
				84ECAFD2231873BC0070DEA3 /* Frameworks */,
				84ECAFD3231873BC0070DEA3 /* Resources */,
				A4474D2F4E940D284B16D375 /* [CP] Embed Pods Frameworks */,
			);
			buildRules = (
			);
			dependencies = (
				84ECAFD7231873BC0070DEA3 /* PBXTargetDependency */,
			);
			name = "Food RecipiesTests";
			productName = "Food RecipiesTests";
			productReference = 84ECAFD5231873BC0070DEA3 /* Food RecipiesTests.xctest */;
			productType = "com.apple.product-type.bundle.unit-test";
		};
		84ECAFDF231873BC0070DEA3 /* Food RecipiesUITests */ = {
			isa = PBXNativeTarget;
			buildConfigurationList = 84ECAFEF231873BC0070DEA3 /* Build configuration list for PBXNativeTarget "Food RecipiesUITests" */;
			buildPhases = (
				E18DE20F05615E858B074701 /* [CP] Check Pods Manifest.lock */,
				84ECAFDC231873BC0070DEA3 /* Sources */,
				84ECAFDD231873BC0070DEA3 /* Frameworks */,
				84ECAFDE231873BC0070DEA3 /* Resources */,
				A4F1A56D70D0615F5E522F04 /* [CP] Embed Pods Frameworks */,
			);
			buildRules = (
			);
			dependencies = (
				84ECAFE2231873BC0070DEA3 /* PBXTargetDependency */,
			);
			name = "Food RecipiesUITests";
			productName = "Food RecipiesUITests";
			productReference = 84ECAFE0231873BC0070DEA3 /* Food RecipiesUITests.xctest */;
			productType = "com.apple.product-type.bundle.ui-testing";
		};
/* End PBXNativeTarget section */

/* Begin PBXProject section */
		84ECAFB9231873B90070DEA3 /* Project object */ = {
			isa = PBXProject;
			attributes = {
				LastSwiftUpdateCheck = 1030;
				LastUpgradeCheck = 1030;
				ORGANIZATIONNAME = kero;
				TargetAttributes = {
					84ECAFC0231873B90070DEA3 = {
						CreatedOnToolsVersion = 10.3;
					};
					84ECAFD4231873BC0070DEA3 = {
						CreatedOnToolsVersion = 10.3;
						TestTargetID = 84ECAFC0231873B90070DEA3;
					};
					84ECAFDF231873BC0070DEA3 = {
						CreatedOnToolsVersion = 10.3;
						TestTargetID = 84ECAFC0231873B90070DEA3;
					};
				};
			};
			buildConfigurationList = 84ECAFBC231873B90070DEA3 /* Build configuration list for PBXProject "Food Recipies" */;
			compatibilityVersion = "Xcode 9.3";
			developmentRegion = en;
			hasScannedForEncodings = 0;
			knownRegions = (
				en,
				Base,
			);
			mainGroup = 84ECAFB8231873B90070DEA3;
			productRefGroup = 84ECAFC2231873B90070DEA3 /* Products */;
			projectDirPath = "";
			projectRoot = "";
			targets = (
				84ECAFC0231873B90070DEA3 /* Food Recipies */,
				84ECAFD4231873BC0070DEA3 /* Food RecipiesTests */,
				84ECAFDF231873BC0070DEA3 /* Food RecipiesUITests */,
			);
		};
/* End PBXProject section */

/* Begin PBXResourcesBuildPhase section */
		84ECAFBF231873B90070DEA3 /* Resources */ = {
			isa = PBXResourcesBuildPhase;
			buildActionMask = 2147483647;
			files = (
				842BF28223295E21004F212A /* IngredientTableViewCell.xib in Resources */,
				842BF26923293002004F212A /* RecipePreviewTableViewCell.xib in Resources */,
				84ECAFCF231873BC0070DEA3 /* LaunchScreen.storyboard in Resources */,
				842BF27E23295DD8004F212A /* HeadingTableViewCell.xib in Resources */,
				84ECAFCC231873BC0070DEA3 /* Assets.xcassets in Resources */,
				842BF27623295AAC004F212A /* Main.storyboard in Resources */,
				845672D9231B1D6400A790E5 /* HomeViewController.xib in Resources */,
				842BF274232956F2004F212A /* DetailsViewController.xib in Resources */,
			);
			runOnlyForDeploymentPostprocessing = 0;
		};
		84ECAFD3231873BC0070DEA3 /* Resources */ = {
			isa = PBXResourcesBuildPhase;
			buildActionMask = 2147483647;
			files = (
			);
			runOnlyForDeploymentPostprocessing = 0;
		};
		84ECAFDE231873BC0070DEA3 /* Resources */ = {
			isa = PBXResourcesBuildPhase;
			buildActionMask = 2147483647;
			files = (
			);
			runOnlyForDeploymentPostprocessing = 0;
		};
/* End PBXResourcesBuildPhase section */

/* Begin PBXShellScriptBuildPhase section */
		64FF0512DFEE01AC5748403E /* [CP] Embed Pods Frameworks */ = {
			isa = PBXShellScriptBuildPhase;
			buildActionMask = 2147483647;
			files = (
			);
			inputFileListPaths = (
				"${PODS_ROOT}/Target Support Files/Pods-Food Recipies/Pods-Food Recipies-frameworks-${CONFIGURATION}-input-files.xcfilelist",
			);
			name = "[CP] Embed Pods Frameworks";
			outputFileListPaths = (
				"${PODS_ROOT}/Target Support Files/Pods-Food Recipies/Pods-Food Recipies-frameworks-${CONFIGURATION}-output-files.xcfilelist",
			);
			runOnlyForDeploymentPostprocessing = 0;
			shellPath = /bin/sh;
			shellScript = "\"${PODS_ROOT}/Target Support Files/Pods-Food Recipies/Pods-Food Recipies-frameworks.sh\"\n";
			showEnvVarsInLog = 0;
		};
		845672D4231AA8C900A790E5 /* swiftlint */ = {
			isa = PBXShellScriptBuildPhase;
			buildActionMask = 2147483647;
			files = (
			);
			inputFileListPaths = (
			);
			inputPaths = (
			);
			name = swiftlint;
			outputFileListPaths = (
			);
			outputPaths = (
			);
			runOnlyForDeploymentPostprocessing = 0;
			shellPath = /bin/sh;
			shellScript = "if which \"${PODS_ROOT}/SwiftLint/swiftlint\" >/dev/null; then\nls; #\"${PODS_ROOT}/SwiftLint/swiftlint\"\nelse\necho \"warning: SwiftLint not installed, download from https://github.com/realm/SwiftLint\"\nfi\n";
		};
		A4474D2F4E940D284B16D375 /* [CP] Embed Pods Frameworks */ = {
			isa = PBXShellScriptBuildPhase;
			buildActionMask = 2147483647;
			files = (
			);
			inputFileListPaths = (
				"${PODS_ROOT}/Target Support Files/Pods-Food RecipiesTests/Pods-Food RecipiesTests-frameworks-${CONFIGURATION}-input-files.xcfilelist",
			);
			name = "[CP] Embed Pods Frameworks";
			outputFileListPaths = (
				"${PODS_ROOT}/Target Support Files/Pods-Food RecipiesTests/Pods-Food RecipiesTests-frameworks-${CONFIGURATION}-output-files.xcfilelist",
			);
			runOnlyForDeploymentPostprocessing = 0;
			shellPath = /bin/sh;
			shellScript = "\"${PODS_ROOT}/Target Support Files/Pods-Food RecipiesTests/Pods-Food RecipiesTests-frameworks.sh\"\n";
			showEnvVarsInLog = 0;
		};
		A4F1A56D70D0615F5E522F04 /* [CP] Embed Pods Frameworks */ = {
			isa = PBXShellScriptBuildPhase;
			buildActionMask = 2147483647;
			files = (
			);
			inputFileListPaths = (
				"${PODS_ROOT}/Target Support Files/Pods-Food RecipiesUITests/Pods-Food RecipiesUITests-frameworks-${CONFIGURATION}-input-files.xcfilelist",
			);
			name = "[CP] Embed Pods Frameworks";
			outputFileListPaths = (
				"${PODS_ROOT}/Target Support Files/Pods-Food RecipiesUITests/Pods-Food RecipiesUITests-frameworks-${CONFIGURATION}-output-files.xcfilelist",
			);
			runOnlyForDeploymentPostprocessing = 0;
			shellPath = /bin/sh;
			shellScript = "\"${PODS_ROOT}/Target Support Files/Pods-Food RecipiesUITests/Pods-Food RecipiesUITests-frameworks.sh\"\n";
			showEnvVarsInLog = 0;
		};
		D82B611C6F6482D61C355C5D /* [CP] Check Pods Manifest.lock */ = {
			isa = PBXShellScriptBuildPhase;
			buildActionMask = 2147483647;
			files = (
			);
			inputFileListPaths = (
			);
			inputPaths = (
				"${PODS_PODFILE_DIR_PATH}/Podfile.lock",
				"${PODS_ROOT}/Manifest.lock",
			);
			name = "[CP] Check Pods Manifest.lock";
			outputFileListPaths = (
			);
			outputPaths = (
				"$(DERIVED_FILE_DIR)/Pods-Food Recipies-checkManifestLockResult.txt",
			);
			runOnlyForDeploymentPostprocessing = 0;
			shellPath = /bin/sh;
			shellScript = "diff \"${PODS_PODFILE_DIR_PATH}/Podfile.lock\" \"${PODS_ROOT}/Manifest.lock\" > /dev/null\nif [ $? != 0 ] ; then\n    # print error to STDERR\n    echo \"error: The sandbox is not in sync with the Podfile.lock. Run 'pod install' or update your CocoaPods installation.\" >&2\n    exit 1\nfi\n# This output is used by Xcode 'outputs' to avoid re-running this script phase.\necho \"SUCCESS\" > \"${SCRIPT_OUTPUT_FILE_0}\"\n";
			showEnvVarsInLog = 0;
		};
		E18DE20F05615E858B074701 /* [CP] Check Pods Manifest.lock */ = {
			isa = PBXShellScriptBuildPhase;
			buildActionMask = 2147483647;
			files = (
			);
			inputFileListPaths = (
			);
			inputPaths = (
				"${PODS_PODFILE_DIR_PATH}/Podfile.lock",
				"${PODS_ROOT}/Manifest.lock",
			);
			name = "[CP] Check Pods Manifest.lock";
			outputFileListPaths = (
			);
			outputPaths = (
				"$(DERIVED_FILE_DIR)/Pods-Food RecipiesUITests-checkManifestLockResult.txt",
			);
			runOnlyForDeploymentPostprocessing = 0;
			shellPath = /bin/sh;
			shellScript = "diff \"${PODS_PODFILE_DIR_PATH}/Podfile.lock\" \"${PODS_ROOT}/Manifest.lock\" > /dev/null\nif [ $? != 0 ] ; then\n    # print error to STDERR\n    echo \"error: The sandbox is not in sync with the Podfile.lock. Run 'pod install' or update your CocoaPods installation.\" >&2\n    exit 1\nfi\n# This output is used by Xcode 'outputs' to avoid re-running this script phase.\necho \"SUCCESS\" > \"${SCRIPT_OUTPUT_FILE_0}\"\n";
			showEnvVarsInLog = 0;
		};
		EAAFAC5330B87B773B1B9097 /* [CP] Check Pods Manifest.lock */ = {
			isa = PBXShellScriptBuildPhase;
			buildActionMask = 2147483647;
			files = (
			);
			inputFileListPaths = (
			);
			inputPaths = (
				"${PODS_PODFILE_DIR_PATH}/Podfile.lock",
				"${PODS_ROOT}/Manifest.lock",
			);
			name = "[CP] Check Pods Manifest.lock";
			outputFileListPaths = (
			);
			outputPaths = (
				"$(DERIVED_FILE_DIR)/Pods-Food RecipiesTests-checkManifestLockResult.txt",
			);
			runOnlyForDeploymentPostprocessing = 0;
			shellPath = /bin/sh;
			shellScript = "diff \"${PODS_PODFILE_DIR_PATH}/Podfile.lock\" \"${PODS_ROOT}/Manifest.lock\" > /dev/null\nif [ $? != 0 ] ; then\n    # print error to STDERR\n    echo \"error: The sandbox is not in sync with the Podfile.lock. Run 'pod install' or update your CocoaPods installation.\" >&2\n    exit 1\nfi\n# This output is used by Xcode 'outputs' to avoid re-running this script phase.\necho \"SUCCESS\" > \"${SCRIPT_OUTPUT_FILE_0}\"\n";
			showEnvVarsInLog = 0;
		};
/* End PBXShellScriptBuildPhase section */

/* Begin PBXSourcesBuildPhase section */
		84ECAFBD231873B90070DEA3 /* Sources */ = {
			isa = PBXSourcesBuildPhase;
			buildActionMask = 2147483647;
			files = (
				842BF28123295E21004F212A /* IngredientTableViewCell.swift in Sources */,
				845672DD231B1DB200A790E5 /* Navigator.swift in Sources */,
				842BF273232956F2004F212A /* DetailsViewController.swift in Sources */,
				842BF26E23293212004F212A /* EdmamSearchApi.swift in Sources */,
				842BF26C23293186004F212A /* ApiService.swift in Sources */,
				842BF27023293CE4004F212A /* Provider.swift in Sources */,
				842BF26723292FAF004F212A /* RecipePreviewTableViewCell.swift in Sources */,
				842BF27D23295DD8004F212A /* HeadingTableViewCell.swift in Sources */,
				84ECAFC5231873B90070DEA3 /* AppDelegate.swift in Sources */,
				845672D8231B1D6400A790E5 /* HomeViewController.swift in Sources */,
			);
			runOnlyForDeploymentPostprocessing = 0;
		};
		84ECAFD1231873BC0070DEA3 /* Sources */ = {
			isa = PBXSourcesBuildPhase;
			buildActionMask = 2147483647;
			files = (
				84ECAFDA231873BC0070DEA3 /* Food_RecipiesTests.swift in Sources */,
			);
			runOnlyForDeploymentPostprocessing = 0;
		};
		84ECAFDC231873BC0070DEA3 /* Sources */ = {
			isa = PBXSourcesBuildPhase;
			buildActionMask = 2147483647;
			files = (
				84ECAFE5231873BC0070DEA3 /* Food_RecipiesUITests.swift in Sources */,
			);
			runOnlyForDeploymentPostprocessing = 0;
		};
/* End PBXSourcesBuildPhase section */

/* Begin PBXTargetDependency section */
		84ECAFD7231873BC0070DEA3 /* PBXTargetDependency */ = {
			isa = PBXTargetDependency;
			target = 84ECAFC0231873B90070DEA3 /* Food Recipies */;
			targetProxy = 84ECAFD6231873BC0070DEA3 /* PBXContainerItemProxy */;
		};
		84ECAFE2231873BC0070DEA3 /* PBXTargetDependency */ = {
			isa = PBXTargetDependency;
			target = 84ECAFC0231873B90070DEA3 /* Food Recipies */;
			targetProxy = 84ECAFE1231873BC0070DEA3 /* PBXContainerItemProxy */;
		};
/* End PBXTargetDependency section */

/* Begin PBXVariantGroup section */
		84ECAFCD231873BC0070DEA3 /* LaunchScreen.storyboard */ = {
			isa = PBXVariantGroup;
			children = (
				84ECAFCE231873BC0070DEA3 /* Base */,
			);
			name = LaunchScreen.storyboard;
			sourceTree = "<group>";
		};
/* End PBXVariantGroup section */

/* Begin XCBuildConfiguration section */
		84ECAFE7231873BC0070DEA3 /* Debug */ = {
			isa = XCBuildConfiguration;
			buildSettings = {
				ALWAYS_SEARCH_USER_PATHS = NO;
				CLANG_ANALYZER_NONNULL = YES;
				CLANG_ANALYZER_NUMBER_OBJECT_CONVERSION = YES_AGGRESSIVE;
				CLANG_CXX_LANGUAGE_STANDARD = "gnu++14";
				CLANG_CXX_LIBRARY = "libc++";
				CLANG_ENABLE_MODULES = YES;
				CLANG_ENABLE_OBJC_ARC = YES;
				CLANG_ENABLE_OBJC_WEAK = YES;
				CLANG_WARN_BLOCK_CAPTURE_AUTORELEASING = YES;
				CLANG_WARN_BOOL_CONVERSION = YES;
				CLANG_WARN_COMMA = YES;
				CLANG_WARN_CONSTANT_CONVERSION = YES;
				CLANG_WARN_DEPRECATED_OBJC_IMPLEMENTATIONS = YES;
				CLANG_WARN_DIRECT_OBJC_ISA_USAGE = YES_ERROR;
				CLANG_WARN_DOCUMENTATION_COMMENTS = YES;
				CLANG_WARN_EMPTY_BODY = YES;
				CLANG_WARN_ENUM_CONVERSION = YES;
				CLANG_WARN_INFINITE_RECURSION = YES;
				CLANG_WARN_INT_CONVERSION = YES;
				CLANG_WARN_NON_LITERAL_NULL_CONVERSION = YES;
				CLANG_WARN_OBJC_IMPLICIT_RETAIN_SELF = YES;
				CLANG_WARN_OBJC_LITERAL_CONVERSION = YES;
				CLANG_WARN_OBJC_ROOT_CLASS = YES_ERROR;
				CLANG_WARN_RANGE_LOOP_ANALYSIS = YES;
				CLANG_WARN_STRICT_PROTOTYPES = YES;
				CLANG_WARN_SUSPICIOUS_MOVE = YES;
				CLANG_WARN_UNGUARDED_AVAILABILITY = YES_AGGRESSIVE;
				CLANG_WARN_UNREACHABLE_CODE = YES;
				CLANG_WARN__DUPLICATE_METHOD_MATCH = YES;
				CODE_SIGN_IDENTITY = "iPhone Developer";
				COPY_PHASE_STRIP = NO;
				DEBUG_INFORMATION_FORMAT = dwarf;
				ENABLE_STRICT_OBJC_MSGSEND = YES;
				ENABLE_TESTABILITY = YES;
				GCC_C_LANGUAGE_STANDARD = gnu11;
				GCC_DYNAMIC_NO_PIC = NO;
				GCC_NO_COMMON_BLOCKS = YES;
				GCC_OPTIMIZATION_LEVEL = 0;
				GCC_PREPROCESSOR_DEFINITIONS = (
					"DEBUG=1",
					"$(inherited)",
				);
				GCC_WARN_64_TO_32_BIT_CONVERSION = YES;
				GCC_WARN_ABOUT_RETURN_TYPE = YES_ERROR;
				GCC_WARN_UNDECLARED_SELECTOR = YES;
				GCC_WARN_UNINITIALIZED_AUTOS = YES_AGGRESSIVE;
				GCC_WARN_UNUSED_FUNCTION = YES;
				GCC_WARN_UNUSED_VARIABLE = YES;
				IPHONEOS_DEPLOYMENT_TARGET = 9.0;
				MTL_ENABLE_DEBUG_INFO = INCLUDE_SOURCE;
				MTL_FAST_MATH = YES;
				ONLY_ACTIVE_ARCH = YES;
				SDKROOT = iphoneos;
				SWIFT_ACTIVE_COMPILATION_CONDITIONS = DEBUG;
				SWIFT_OPTIMIZATION_LEVEL = "-Onone";
			};
			name = Debug;
		};
		84ECAFE8231873BC0070DEA3 /* Release */ = {
			isa = XCBuildConfiguration;
			buildSettings = {
				ALWAYS_SEARCH_USER_PATHS = NO;
				CLANG_ANALYZER_NONNULL = YES;
				CLANG_ANALYZER_NUMBER_OBJECT_CONVERSION = YES_AGGRESSIVE;
				CLANG_CXX_LANGUAGE_STANDARD = "gnu++14";
				CLANG_CXX_LIBRARY = "libc++";
				CLANG_ENABLE_MODULES = YES;
				CLANG_ENABLE_OBJC_ARC = YES;
				CLANG_ENABLE_OBJC_WEAK = YES;
				CLANG_WARN_BLOCK_CAPTURE_AUTORELEASING = YES;
				CLANG_WARN_BOOL_CONVERSION = YES;
				CLANG_WARN_COMMA = YES;
				CLANG_WARN_CONSTANT_CONVERSION = YES;
				CLANG_WARN_DEPRECATED_OBJC_IMPLEMENTATIONS = YES;
				CLANG_WARN_DIRECT_OBJC_ISA_USAGE = YES_ERROR;
				CLANG_WARN_DOCUMENTATION_COMMENTS = YES;
				CLANG_WARN_EMPTY_BODY = YES;
				CLANG_WARN_ENUM_CONVERSION = YES;
				CLANG_WARN_INFINITE_RECURSION = YES;
				CLANG_WARN_INT_CONVERSION = YES;
				CLANG_WARN_NON_LITERAL_NULL_CONVERSION = YES;
				CLANG_WARN_OBJC_IMPLICIT_RETAIN_SELF = YES;
				CLANG_WARN_OBJC_LITERAL_CONVERSION = YES;
				CLANG_WARN_OBJC_ROOT_CLASS = YES_ERROR;
				CLANG_WARN_RANGE_LOOP_ANALYSIS = YES;
				CLANG_WARN_STRICT_PROTOTYPES = YES;
				CLANG_WARN_SUSPICIOUS_MOVE = YES;
				CLANG_WARN_UNGUARDED_AVAILABILITY = YES_AGGRESSIVE;
				CLANG_WARN_UNREACHABLE_CODE = YES;
				CLANG_WARN__DUPLICATE_METHOD_MATCH = YES;
				CODE_SIGN_IDENTITY = "iPhone Developer";
				COPY_PHASE_STRIP = NO;
				DEBUG_INFORMATION_FORMAT = "dwarf-with-dsym";
				ENABLE_NS_ASSERTIONS = NO;
				ENABLE_STRICT_OBJC_MSGSEND = YES;
				GCC_C_LANGUAGE_STANDARD = gnu11;
				GCC_NO_COMMON_BLOCKS = YES;
				GCC_WARN_64_TO_32_BIT_CONVERSION = YES;
				GCC_WARN_ABOUT_RETURN_TYPE = YES_ERROR;
				GCC_WARN_UNDECLARED_SELECTOR = YES;
				GCC_WARN_UNINITIALIZED_AUTOS = YES_AGGRESSIVE;
				GCC_WARN_UNUSED_FUNCTION = YES;
				GCC_WARN_UNUSED_VARIABLE = YES;
				IPHONEOS_DEPLOYMENT_TARGET = 9.0;
				MTL_ENABLE_DEBUG_INFO = NO;
				MTL_FAST_MATH = YES;
				SDKROOT = iphoneos;
				SWIFT_COMPILATION_MODE = wholemodule;
				SWIFT_OPTIMIZATION_LEVEL = "-O";
				VALIDATE_PRODUCT = YES;
			};
			name = Release;
		};
		84ECAFEA231873BC0070DEA3 /* Debug */ = {
			isa = XCBuildConfiguration;
			baseConfigurationReference = 780725DC31D7AD8E91ED998E /* Pods-Food Recipies.debug.xcconfig */;
			buildSettings = {
				ASSETCATALOG_COMPILER_APPICON_NAME = AppIcon;
				CODE_SIGN_STYLE = Automatic;
				INFOPLIST_FILE = "Food Recipies/Info.plist";
				IPHONEOS_DEPLOYMENT_TARGET = 9.0;
				LD_RUNPATH_SEARCH_PATHS = (
					"$(inherited)",
					"@executable_path/Frameworks",
				);
				PRODUCT_BUNDLE_IDENTIFIER = "dev.kero.Food-Recipies";
				PRODUCT_NAME = "$(TARGET_NAME)";
				SWIFT_VERSION = 5.0;
				TARGETED_DEVICE_FAMILY = "1,2";
			};
			name = Debug;
		};
		84ECAFEB231873BC0070DEA3 /* Release */ = {
			isa = XCBuildConfiguration;
			baseConfigurationReference = B937402F0DA7187A11FDB7AB /* Pods-Food Recipies.release.xcconfig */;
			buildSettings = {
				ASSETCATALOG_COMPILER_APPICON_NAME = AppIcon;
				CODE_SIGN_STYLE = Automatic;
				INFOPLIST_FILE = "Food Recipies/Info.plist";
				IPHONEOS_DEPLOYMENT_TARGET = 9.0;
				LD_RUNPATH_SEARCH_PATHS = (
					"$(inherited)",
					"@executable_path/Frameworks",
				);
				PRODUCT_BUNDLE_IDENTIFIER = "dev.kero.Food-Recipies";
				PRODUCT_NAME = "$(TARGET_NAME)";
				SWIFT_VERSION = 5.0;
				TARGETED_DEVICE_FAMILY = "1,2";
			};
			name = Release;
		};
		84ECAFED231873BC0070DEA3 /* Debug */ = {
			isa = XCBuildConfiguration;
			baseConfigurationReference = DA37523E690F404E59CEF120 /* Pods-Food RecipiesTests.debug.xcconfig */;
			buildSettings = {
				ALWAYS_EMBED_SWIFT_STANDARD_LIBRARIES = YES;
				BUNDLE_LOADER = "$(TEST_HOST)";
				CODE_SIGN_STYLE = Automatic;
				INFOPLIST_FILE = "Food RecipiesTests/Info.plist";
				LD_RUNPATH_SEARCH_PATHS = (
					"$(inherited)",
					"@executable_path/Frameworks",
					"@loader_path/Frameworks",
				);
				PRODUCT_BUNDLE_IDENTIFIER = "dev.kero.Food-RecipiesTests";
				PRODUCT_NAME = "$(TARGET_NAME)";
				SWIFT_VERSION = 5.0;
				TARGETED_DEVICE_FAMILY = "1,2";
				TEST_HOST = "$(BUILT_PRODUCTS_DIR)/Food Recipies.app/Food Recipies";
			};
			name = Debug;
		};
		84ECAFEE231873BC0070DEA3 /* Release */ = {
			isa = XCBuildConfiguration;
			baseConfigurationReference = C199417563A1A887C0F1EC80 /* Pods-Food RecipiesTests.release.xcconfig */;
			buildSettings = {
				ALWAYS_EMBED_SWIFT_STANDARD_LIBRARIES = YES;
				BUNDLE_LOADER = "$(TEST_HOST)";
				CODE_SIGN_STYLE = Automatic;
				INFOPLIST_FILE = "Food RecipiesTests/Info.plist";
				LD_RUNPATH_SEARCH_PATHS = (
					"$(inherited)",
					"@executable_path/Frameworks",
					"@loader_path/Frameworks",
				);
				PRODUCT_BUNDLE_IDENTIFIER = "dev.kero.Food-RecipiesTests";
				PRODUCT_NAME = "$(TARGET_NAME)";
				SWIFT_VERSION = 5.0;
				TARGETED_DEVICE_FAMILY = "1,2";
				TEST_HOST = "$(BUILT_PRODUCTS_DIR)/Food Recipies.app/Food Recipies";
			};
			name = Release;
		};
		84ECAFF0231873BC0070DEA3 /* Debug */ = {
			isa = XCBuildConfiguration;
			baseConfigurationReference = 9676AC95F1951E62EEAE7D30 /* Pods-Food RecipiesUITests.debug.xcconfig */;
			buildSettings = {
				ALWAYS_EMBED_SWIFT_STANDARD_LIBRARIES = YES;
				CODE_SIGN_STYLE = Automatic;
				INFOPLIST_FILE = "Food RecipiesUITests/Info.plist";
				LD_RUNPATH_SEARCH_PATHS = (
					"$(inherited)",
					"@executable_path/Frameworks",
					"@loader_path/Frameworks",
				);
				PRODUCT_BUNDLE_IDENTIFIER = "dev.kero.Food-RecipiesUITests";
				PRODUCT_NAME = "$(TARGET_NAME)";
				SWIFT_VERSION = 5.0;
				TARGETED_DEVICE_FAMILY = "1,2";
				TEST_TARGET_NAME = "Food Recipies";
			};
			name = Debug;
		};
		84ECAFF1231873BC0070DEA3 /* Release */ = {
			isa = XCBuildConfiguration;
			baseConfigurationReference = C3A0CAF186A4886267BDDBA2 /* Pods-Food RecipiesUITests.release.xcconfig */;
			buildSettings = {
				ALWAYS_EMBED_SWIFT_STANDARD_LIBRARIES = YES;
				CODE_SIGN_STYLE = Automatic;
				INFOPLIST_FILE = "Food RecipiesUITests/Info.plist";
				LD_RUNPATH_SEARCH_PATHS = (
					"$(inherited)",
					"@executable_path/Frameworks",
					"@loader_path/Frameworks",
				);
				PRODUCT_BUNDLE_IDENTIFIER = "dev.kero.Food-RecipiesUITests";
				PRODUCT_NAME = "$(TARGET_NAME)";
				SWIFT_VERSION = 5.0;
				TARGETED_DEVICE_FAMILY = "1,2";
				TEST_TARGET_NAME = "Food Recipies";
			};
			name = Release;
		};
/* End XCBuildConfiguration section */

/* Begin XCConfigurationList section */
		84ECAFBC231873B90070DEA3 /* Build configuration list for PBXProject "Food Recipies" */ = {
			isa = XCConfigurationList;
			buildConfigurations = (
				84ECAFE7231873BC0070DEA3 /* Debug */,
				84ECAFE8231873BC0070DEA3 /* Release */,
			);
			defaultConfigurationIsVisible = 0;
			defaultConfigurationName = Release;
		};
		84ECAFE9231873BC0070DEA3 /* Build configuration list for PBXNativeTarget "Food Recipies" */ = {
			isa = XCConfigurationList;
			buildConfigurations = (
				84ECAFEA231873BC0070DEA3 /* Debug */,
				84ECAFEB231873BC0070DEA3 /* Release */,
			);
			defaultConfigurationIsVisible = 0;
			defaultConfigurationName = Release;
		};
		84ECAFEC231873BC0070DEA3 /* Build configuration list for PBXNativeTarget "Food RecipiesTests" */ = {
			isa = XCConfigurationList;
			buildConfigurations = (
				84ECAFED231873BC0070DEA3 /* Debug */,
				84ECAFEE231873BC0070DEA3 /* Release */,
			);
			defaultConfigurationIsVisible = 0;
			defaultConfigurationName = Release;
		};
		84ECAFEF231873BC0070DEA3 /* Build configuration list for PBXNativeTarget "Food RecipiesUITests" */ = {
			isa = XCConfigurationList;
			buildConfigurations = (
				84ECAFF0231873BC0070DEA3 /* Debug */,
				84ECAFF1231873BC0070DEA3 /* Release */,
			);
			defaultConfigurationIsVisible = 0;
			defaultConfigurationName = Release;
		};
/* End XCConfigurationList section */
	};
	rootObject = 84ECAFB9231873B90070DEA3 /* Project object */;
}
